// !$*UTF8*$!
{
	archiveVersion = 1;
	classes = {
	};
	objectVersion = 46;
	objects = {

/* Begin PBXBuildFile section */
		338B613D1C0C3BFF00034435 /* AppDelegate.swift in Sources */ = {isa = PBXBuildFile; fileRef = 338B613C1C0C3BFF00034435 /* AppDelegate.swift */; };
		338B613F1C0C3BFF00034435 /* ViewController.swift in Sources */ = {isa = PBXBuildFile; fileRef = 338B613E1C0C3BFF00034435 /* ViewController.swift */; };
		338B61421C0C3BFF00034435 /* Main.storyboard in Resources */ = {isa = PBXBuildFile; fileRef = 338B61401C0C3BFF00034435 /* Main.storyboard */; };
		338B61441C0C3BFF00034435 /* Assets.xcassets in Resources */ = {isa = PBXBuildFile; fileRef = 338B61431C0C3BFF00034435 /* Assets.xcassets */; };
		338B61471C0C3BFF00034435 /* LaunchScreen.storyboard in Resources */ = {isa = PBXBuildFile; fileRef = 338B61451C0C3BFF00034435 /* LaunchScreen.storyboard */; };
		338B614F1C0C5E1300034435 /* Extensions.swift in Sources */ = {isa = PBXBuildFile; fileRef = 338B614E1C0C5E1300034435 /* Extensions.swift */; };
		338B61521C0C9C1C00034435 /* Restaurant.swift in Sources */ = {isa = PBXBuildFile; fileRef = 338B61511C0C9C1C00034435 /* Restaurant.swift */; };
		338B61541C0CA04600034435 /* RestaurantManager.swift in Sources */ = {isa = PBXBuildFile; fileRef = 338B61531C0CA04600034435 /* RestaurantManager.swift */; };
/* End PBXBuildFile section */

/* Begin PBXFileReference section */
		338B61391C0C3BFF00034435 /* RestoGpe2.app */ = {isa = PBXFileReference; explicitFileType = wrapper.application; includeInIndex = 0; path = RestoGpe2.app; sourceTree = BUILT_PRODUCTS_DIR; };
		338B613C1C0C3BFF00034435 /* AppDelegate.swift */ = {isa = PBXFileReference; lastKnownFileType = sourcecode.swift; path = AppDelegate.swift; sourceTree = "<group>"; };
		338B613E1C0C3BFF00034435 /* ViewController.swift */ = {isa = PBXFileReference; lastKnownFileType = sourcecode.swift; path = ViewController.swift; sourceTree = "<group>"; };
		338B61411C0C3BFF00034435 /* Base */ = {isa = PBXFileReference; lastKnownFileType = file.storyboard; name = Base; path = Base.lproj/Main.storyboard; sourceTree = "<group>"; };
		338B61431C0C3BFF00034435 /* Assets.xcassets */ = {isa = PBXFileReference; lastKnownFileType = folder.assetcatalog; path = Assets.xcassets; sourceTree = "<group>"; };
		338B61461C0C3BFF00034435 /* Base */ = {isa = PBXFileReference; lastKnownFileType = file.storyboard; name = Base; path = Base.lproj/LaunchScreen.storyboard; sourceTree = "<group>"; };
		338B61481C0C3BFF00034435 /* Info.plist */ = {isa = PBXFileReference; lastKnownFileType = text.plist.xml; path = Info.plist; sourceTree = "<group>"; };
		338B614E1C0C5E1300034435 /* Extensions.swift */ = {isa = PBXFileReference; fileEncoding = 4; lastKnownFileType = sourcecode.swift; path = Extensions.swift; sourceTree = "<group>"; };
		338B61511C0C9C1C00034435 /* Restaurant.swift */ = {isa = PBXFileReference; fileEncoding = 4; lastKnownFileType = sourcecode.swift; path = Restaurant.swift; sourceTree = "<group>"; };
		338B61531C0CA04600034435 /* RestaurantManager.swift */ = {isa = PBXFileReference; fileEncoding = 4; lastKnownFileType = sourcecode.swift; path = RestaurantManager.swift; sourceTree = "<group>"; };
/* End PBXFileReference section */

/* Begin PBXFrameworksBuildPhase section */
		338B61361C0C3BFF00034435 /* Frameworks */ = {
			isa = PBXFrameworksBuildPhase;
			buildActionMask = 2147483647;
			files = (
			);
			runOnlyForDeploymentPostprocessing = 0;
		};
/* End PBXFrameworksBuildPhase section */

/* Begin PBXGroup section */
		338B61301C0C3BFF00034435 = {
			isa = PBXGroup;
			children = (
				338B613B1C0C3BFF00034435 /* RestoGpe2 */,
				338B613A1C0C3BFF00034435 /* Products */,
			);
			sourceTree = "<group>";
		};
		338B613A1C0C3BFF00034435 /* Products */ = {
			isa = PBXGroup;
			children = (
				338B61391C0C3BFF00034435 /* RestoGpe2.app */,
			);
			name = Products;
			sourceTree = "<group>";
		};
		338B613B1C0C3BFF00034435 /* RestoGpe2 */ = {
			isa = PBXGroup;
			children = (
				338B61501C0C9C0800034435 /* Models */,
				338B613C1C0C3BFF00034435 /* AppDelegate.swift */,
				338B613E1C0C3BFF00034435 /* ViewController.swift */,
				338B61401C0C3BFF00034435 /* Main.storyboard */,
				338B614E1C0C5E1300034435 /* Extensions.swift */,
				338B61431C0C3BFF00034435 /* Assets.xcassets */,
				338B61451C0C3BFF00034435 /* LaunchScreen.storyboard */,
				338B61481C0C3BFF00034435 /* Info.plist */,
			);
			path = RestoGpe2;
			sourceTree = "<group>";
		};
		338B61501C0C9C0800034435 /* Models */ = {
			isa = PBXGroup;
			children = (
				338B61511C0C9C1C00034435 /* Restaurant.swift */,
				338B61531C0CA04600034435 /* RestaurantManager.swift */,
			);
			name = Models;
			sourceTree = "<group>";
		};
/* End PBXGroup section */

/* Begin PBXNativeTarget section */
		338B61381C0C3BFF00034435 /* RestoGpe2 */ = {
			isa = PBXNativeTarget;
			buildConfigurationList = 338B614B1C0C3BFF00034435 /* Build configuration list for PBXNativeTarget "RestoGpe2" */;
			buildPhases = (
				338B61351C0C3BFF00034435 /* Sources */,
				338B61361C0C3BFF00034435 /* Frameworks */,
				338B61371C0C3BFF00034435 /* Resources */,
			);
			buildRules = (
			);
			dependencies = (
			);
			name = RestoGpe2;
			productName = RestoGpe2;
			productReference = 338B61391C0C3BFF00034435 /* RestoGpe2.app */;
			productType = "com.apple.product-type.application";
		};
/* End PBXNativeTarget section */

/* Begin PBXProject section */
		338B61311C0C3BFF00034435 /* Project object */ = {
			isa = PBXProject;
			attributes = {
				LastSwiftUpdateCheck = 0710;
				LastUpgradeCheck = 0710;
				ORGANIZATIONNAME = "Tec-Tec";
				TargetAttributes = {
					338B61381C0C3BFF00034435 = {
						CreatedOnToolsVersion = 7.1;
					};
				};
			};
			buildConfigurationList = 338B61341C0C3BFF00034435 /* Build configuration list for PBXProject "RestoGpe2" */;
			compatibilityVersion = "Xcode 3.2";
			developmentRegion = English;
			hasScannedForEncodings = 0;
			knownRegions = (
				en,
				Base,
			);
			mainGroup = 338B61301C0C3BFF00034435;
			productRefGroup = 338B613A1C0C3BFF00034435 /* Products */;
			projectDirPath = "";
			projectRoot = "";
			targets = (
				338B61381C0C3BFF00034435 /* RestoGpe2 */,
			);
		};
/* End PBXProject section */

/* Begin PBXResourcesBuildPhase section */
		338B61371C0C3BFF00034435 /* Resources */ = {
			isa = PBXResourcesBuildPhase;
			buildActionMask = 2147483647;
			files = (
				338B61471C0C3BFF00034435 /* LaunchScreen.storyboard in Resources */,
				338B61441C0C3BFF00034435 /* Assets.xcassets in Resources */,
				338B61421C0C3BFF00034435 /* Main.storyboard in Resources */,
			);
			runOnlyForDeploymentPostprocessing = 0;
		};
/* End PBXResourcesBuildPhase section */

/* Begin PBXSourcesBuildPhase section */
		338B61351C0C3BFF00034435 /* Sources */ = {
			isa = PBXSourcesBuildPhase;
			buildActionMask = 2147483647;
			files = (
				338B61521C0C9C1C00034435 /* Restaurant.swift in Sources */,
				338B61541C0CA04600034435 /* RestaurantManager.swift in Sources */,
				338B613F1C0C3BFF00034435 /* ViewController.swift in Sources */,
				338B614F1C0C5E1300034435 /* Extensions.swift in Sources */,
				338B613D1C0C3BFF00034435 /* AppDelegate.swift in Sources */,
			);
			runOnlyForDeploymentPostprocessing = 0;
		};
/* End PBXSourcesBuildPhase section */

/* Begin PBXVariantGroup section */
		338B61401C0C3BFF00034435 /* Main.storyboard */ = {
			isa = PBXVariantGroup;
			children = (
				338B61411C0C3BFF00034435 /* Base */,
			);
			name = Main.storyboard;
			sourceTree = "<group>";
		};
		338B61451C0C3BFF00034435 /* LaunchScreen.storyboard */ = {
			isa = PBXVariantGroup;
			children = (
				338B61461C0C3BFF00034435 /* Base */,
			);
			name = LaunchScreen.storyboard;
			sourceTree = "<group>";
		};
/* End PBXVariantGroup section */

/* Begin XCBuildConfiguration section */
		338B61491C0C3BFF00034435 /* Debug */ = {
			isa = XCBuildConfiguration;
			buildSettings = {
				ALWAYS_SEARCH_USER_PATHS = NO;
				CLANG_CXX_LANGUAGE_STANDARD = "gnu++0x";
				CLANG_CXX_LIBRARY = "libc++";
				CLANG_ENABLE_MODULES = YES;
				CLANG_ENABLE_OBJC_ARC = YES;
				CLANG_WARN_BOOL_CONVERSION = YES;
				CLANG_WARN_CONSTANT_CONVERSION = YES;
				CLANG_WARN_DIRECT_OBJC_ISA_USAGE = YES_ERROR;
				CLANG_WARN_EMPTY_BODY = YES;
				CLANG_WARN_ENUM_CONVERSION = YES;
				CLANG_WARN_INT_CONVERSION = YES;
				CLANG_WARN_OBJC_ROOT_CLASS = YES_ERROR;
				CLANG_WARN_UNREACHABLE_CODE = YES;
				CLANG_WARN__DUPLICATE_METHOD_MATCH = YES;
				"CODE_SIGN_IDENTITY[sdk=iphoneos*]" = "iPhone Developer";
				COPY_PHASE_STRIP = NO;
				DEBUG_INFORMATION_FORMAT = dwarf;
				ENABLE_STRICT_OBJC_MSGSEND = YES;
				ENABLE_TESTABILITY = YES;
				GCC_C_LANGUAGE_STANDARD = gnu99;
				GCC_DYNAMIC_NO_PIC = NO;
				GCC_NO_COMMON_BLOCKS = YES;
				GCC_OPTIMIZATION_LEVEL = 0;
				GCC_PREPROCESSOR_DEFINITIONS = (
					"DEBUG=1",
					"$(inherited)",
				);
				GCC_WARN_64_TO_32_BIT_CONVERSION = YES;
				GCC_WARN_ABOUT_RETURN_TYPE = YES_ERROR;
				GCC_WARN_UNDECLARED_SELECTOR = YES;
				GCC_WARN_UNINITIALIZED_AUTOS = YES_AGGRESSIVE;
				GCC_WARN_UNUSED_FUNCTION = YES;
				GCC_WARN_UNUSED_VARIABLE = YES;
				IPHONEOS_DEPLOYMENT_TARGET = 9.1;
				MTL_ENABLE_DEBUG_INFO = YES;
				ONLY_ACTIVE_ARCH = YES;
				SDKROOT = iphoneos;
				SWIFT_OPTIMIZATION_LEVEL = "-Onone";
				TARGETED_DEVICE_FAMILY = "1,2";
			};
			name = Debug;
		};
		338B614A1C0C3BFF00034435 /* Release */ = {
			isa = XCBuildConfiguration;
			buildSettings = {
				ALWAYS_SEARCH_USER_PATHS = NO;
				CLANG_CXX_LANGUAGE_STANDARD = "gnu++0x";
				CLANG_CXX_LIBRARY = "libc++";
				CLANG_ENABLE_MODULES = YES;
				CLANG_ENABLE_OBJC_ARC = YES;
				CLANG_WARN_BOOL_CONVERSION = YES;
				CLANG_WARN_CONSTANT_CONVERSION = YES;
				CLANG_WARN_DIRECT_OBJC_ISA_USAGE = YES_ERROR;
				CLANG_WARN_EMPTY_BODY = YES;
				CLANG_WARN_ENUM_CONVERSION = YES;
				CLANG_WARN_INT_CONVERSION = YES;
				CLANG_WARN_OBJC_ROOT_CLASS = YES_ERROR;
				CLANG_WARN_UNREACHABLE_CODE = YES;
				CLANG_WARN__DUPLICATE_METHOD_MATCH = YES;
				"CODE_SIGN_IDENTITY[sdk=iphoneos*]" = "iPhone Developer";
				COPY_PHASE_STRIP = NO;
				DEBUG_INFORMATION_FORMAT = "dwarf-with-dsym";
				ENABLE_NS_ASSERTIONS = NO;
				ENABLE_STRICT_OBJC_MSGSEND = YES;
				GCC_C_LANGUAGE_STANDARD = gnu99;
				GCC_NO_COMMON_BLOCKS = YES;
				GCC_WARN_64_TO_32_BIT_CONVERSION = YES;
				GCC_WARN_ABOUT_RETURN_TYPE = YES_ERROR;
				GCC_WARN_UNDECLARED_SELECTOR = YES;
				GCC_WARN_UNINITIALIZED_AUTOS = YES_AGGRESSIVE;
				GCC_WARN_UNUSED_FUNCTION = YES;
				GCC_WARN_UNUSED_VARIABLE = YES;
				IPHONEOS_DEPLOYMENT_TARGET = 9.1;
				MTL_ENABLE_DEBUG_INFO = NO;
				SDKROOT = iphoneos;
				TARGETED_DEVICE_FAMILY = "1,2";
				VALIDATE_PRODUCT = YES;
			};
			name = Release;
		};
		338B614C1C0C3BFF00034435 /* Debug */ = {
			isa = XCBuildConfiguration;
			buildSettings = {
				ASSETCATALOG_COMPILER_APPICON_NAME = AppIcon;
				INFOPLIST_FILE = RestoGpe2/Info.plist;
				LD_RUNPATH_SEARCH_PATHS = "$(inherited) @executable_path/Frameworks";
				PRODUCT_BUNDLE_IDENTIFIER = com.tectec.RestoGpe2;
				PRODUCT_NAME = "$(TARGET_NAME)";
			};
			name = Debug;
		};
		338B614D1C0C3BFF00034435 /* Release */ = {
			isa = XCBuildConfiguration;
			buildSettings = {
				ASSETCATALOG_COMPILER_APPICON_NAME = AppIcon;
				INFOPLIST_FILE = RestoGpe2/Info.plist;
				LD_RUNPATH_SEARCH_PATHS = "$(inherited) @executable_path/Frameworks";
				PRODUCT_BUNDLE_IDENTIFIER = com.tectec.RestoGpe2;
				PRODUCT_NAME = "$(TARGET_NAME)";
			};
			name = Release;
		};
/* End XCBuildConfiguration section */

/* Begin XCConfigurationList section */
		338B61341C0C3BFF00034435 /* Build configuration list for PBXProject "RestoGpe2" */ = {
			isa = XCConfigurationList;
			buildConfigurations = (
				338B61491C0C3BFF00034435 /* Debug */,
				338B614A1C0C3BFF00034435 /* Release */,
			);
			defaultConfigurationIsVisible = 0;
			defaultConfigurationName = Release;
		};
		338B614B1C0C3BFF00034435 /* Build configuration list for PBXNativeTarget "RestoGpe2" */ = {
			isa = XCConfigurationList;
			buildConfigurations = (
				338B614C1C0C3BFF00034435 /* Debug */,
				338B614D1C0C3BFF00034435 /* Release */,
			);
			defaultConfigurationIsVisible = 0;
		};
/* End XCConfigurationList section */
	};
	rootObject = 338B61311C0C3BFF00034435 /* Project object */;
}
